// !$*UTF8*$!
{
	archiveVersion = 1;
	classes = {
	};
	objectVersion = 46;
	objects = {

/* Begin PBXBuildFile section */
		242ED5821BA70E54000DB58D /* libsqlite3.dylib in Frameworks */ = {isa = PBXBuildFile; fileRef = 242ED5791BA70E54000DB58D /* libsqlite3.dylib */; };
		242ED5831BA70E54000DB58D /* libz.dylib in Frameworks */ = {isa = PBXBuildFile; fileRef = 242ED57A1BA70E54000DB58D /* libz.dylib */; };
		242ED5851BA70E69000DB58D /* AudioToolbox.framework in Frameworks */ = {isa = PBXBuildFile; fileRef = 242ED5841BA70E69000DB58D /* AudioToolbox.framework */; };
		242ED5871BA70E72000DB58D /* CFNetwork.framework in Frameworks */ = {isa = PBXBuildFile; fileRef = 242ED5861BA70E72000DB58D /* CFNetwork.framework */; };
		242ED5891BA70E7A000DB58D /* CoreGraphics.framework in Frameworks */ = {isa = PBXBuildFile; fileRef = 242ED5881BA70E7A000DB58D /* CoreGraphics.framework */; };
		242ED58B1BA70E84000DB58D /* CoreLocation.framework in Frameworks */ = {isa = PBXBuildFile; fileRef = 242ED58A1BA70E84000DB58D /* CoreLocation.framework */; };
		242ED58D1BA70E8D000DB58D /* QuartzCore.framework in Frameworks */ = {isa = PBXBuildFile; fileRef = 242ED58C1BA70E8D000DB58D /* QuartzCore.framework */; };
		242ED58F1BA70E96000DB58D /* Security.framework in Frameworks */ = {isa = PBXBuildFile; fileRef = 242ED58E1BA70E96000DB58D /* Security.framework */; };
		242ED5911BA70E9E000DB58D /* StoreKit.framework in Frameworks */ = {isa = PBXBuildFile; fileRef = 242ED5901BA70E9E000DB58D /* StoreKit.framework */; };
		242ED5931BA70EA8000DB58D /* SystemConfiguration.framework in Frameworks */ = {isa = PBXBuildFile; fileRef = 242ED5921BA70EA8000DB58D /* SystemConfiguration.framework */; };
		242ED5A91BA71166000DB58D /* Bolts.framework in Frameworks */ = {isa = PBXBuildFile; fileRef = 242ED5A31BA71166000DB58D /* Bolts.framework */; };
		242ED5AA1BA71166000DB58D /* Parse.framework in Frameworks */ = {isa = PBXBuildFile; fileRef = 242ED5A41BA71166000DB58D /* Parse.framework */; };
		242ED5AB1BA71166000DB58D /* ParseCrashReporting.framework in Frameworks */ = {isa = PBXBuildFile; fileRef = 242ED5A51BA71166000DB58D /* ParseCrashReporting.framework */; };
		242ED5AC1BA71166000DB58D /* ParseFacebookUtils.framework in Frameworks */ = {isa = PBXBuildFile; fileRef = 242ED5A61BA71166000DB58D /* ParseFacebookUtils.framework */; };
		242ED5AD1BA71166000DB58D /* ParseFacebookUtilsV4.framework in Frameworks */ = {isa = PBXBuildFile; fileRef = 242ED5A71BA71166000DB58D /* ParseFacebookUtilsV4.framework */; };
		242ED5AE1BA71166000DB58D /* ParseUI.framework in Frameworks */ = {isa = PBXBuildFile; fileRef = 242ED5A81BA71166000DB58D /* ParseUI.framework */; };
		2ACC55A61B9F17C400CF2165 /* AppDelegate.swift in Sources */ = {isa = PBXBuildFile; fileRef = 2ACC55A51B9F17C400CF2165 /* AppDelegate.swift */; };
		2ACC55A81B9F17C400CF2165 /* ViewController.swift in Sources */ = {isa = PBXBuildFile; fileRef = 2ACC55A71B9F17C400CF2165 /* ViewController.swift */; };
		2ACC55AB1B9F17C400CF2165 /* Main.storyboard in Resources */ = {isa = PBXBuildFile; fileRef = 2ACC55A91B9F17C400CF2165 /* Main.storyboard */; };
		2ACC55AE1B9F17C400CF2165 /* PubliCarro.xcdatamodeld in Sources */ = {isa = PBXBuildFile; fileRef = 2ACC55AC1B9F17C400CF2165 /* PubliCarro.xcdatamodeld */; };
		2ACC55B01B9F17C400CF2165 /* Assets.xcassets in Resources */ = {isa = PBXBuildFile; fileRef = 2ACC55AF1B9F17C400CF2165 /* Assets.xcassets */; };
		2ACC55B31B9F17C400CF2165 /* LaunchScreen.storyboard in Resources */ = {isa = PBXBuildFile; fileRef = 2ACC55B11B9F17C400CF2165 /* LaunchScreen.storyboard */; };
/* End PBXBuildFile section */

/* Begin PBXFileReference section */
		242ED5791BA70E54000DB58D /* libsqlite3.dylib */ = {isa = PBXFileReference; lastKnownFileType = "compiled.mach-o.dylib"; name = libsqlite3.dylib; path = "../../../Downloads/parse-library-1-3/libsqlite3.dylib"; sourceTree = "<group>"; };
		242ED57A1BA70E54000DB58D /* libz.dylib */ = {isa = PBXFileReference; lastKnownFileType = "compiled.mach-o.dylib"; name = libz.dylib; path = "../../../Downloads/parse-library-1-3/libz.dylib"; sourceTree = "<group>"; };
		242ED5841BA70E69000DB58D /* AudioToolbox.framework */ = {isa = PBXFileReference; lastKnownFileType = wrapper.framework; name = AudioToolbox.framework; path = System/Library/Frameworks/AudioToolbox.framework; sourceTree = SDKROOT; };
		242ED5861BA70E72000DB58D /* CFNetwork.framework */ = {isa = PBXFileReference; lastKnownFileType = wrapper.framework; name = CFNetwork.framework; path = System/Library/Frameworks/CFNetwork.framework; sourceTree = SDKROOT; };
		242ED5881BA70E7A000DB58D /* CoreGraphics.framework */ = {isa = PBXFileReference; lastKnownFileType = wrapper.framework; name = CoreGraphics.framework; path = System/Library/Frameworks/CoreGraphics.framework; sourceTree = SDKROOT; };
		242ED58A1BA70E84000DB58D /* CoreLocation.framework */ = {isa = PBXFileReference; lastKnownFileType = wrapper.framework; name = CoreLocation.framework; path = System/Library/Frameworks/CoreLocation.framework; sourceTree = SDKROOT; };
		242ED58C1BA70E8D000DB58D /* QuartzCore.framework */ = {isa = PBXFileReference; lastKnownFileType = wrapper.framework; name = QuartzCore.framework; path = System/Library/Frameworks/QuartzCore.framework; sourceTree = SDKROOT; };
		242ED58E1BA70E96000DB58D /* Security.framework */ = {isa = PBXFileReference; lastKnownFileType = wrapper.framework; name = Security.framework; path = System/Library/Frameworks/Security.framework; sourceTree = SDKROOT; };
		242ED5901BA70E9E000DB58D /* StoreKit.framework */ = {isa = PBXFileReference; lastKnownFileType = wrapper.framework; name = StoreKit.framework; path = System/Library/Frameworks/StoreKit.framework; sourceTree = SDKROOT; };
		242ED5921BA70EA8000DB58D /* SystemConfiguration.framework */ = {isa = PBXFileReference; lastKnownFileType = wrapper.framework; name = SystemConfiguration.framework; path = System/Library/Frameworks/SystemConfiguration.framework; sourceTree = SDKROOT; };
		242ED5A31BA71166000DB58D /* Bolts.framework */ = {isa = PBXFileReference; lastKnownFileType = wrapper.framework; path = Bolts.framework; sourceTree = "<group>"; };
		242ED5A41BA71166000DB58D /* Parse.framework */ = {isa = PBXFileReference; lastKnownFileType = wrapper.framework; path = Parse.framework; sourceTree = "<group>"; };
		242ED5A51BA71166000DB58D /* ParseCrashReporting.framework */ = {isa = PBXFileReference; lastKnownFileType = wrapper.framework; path = ParseCrashReporting.framework; sourceTree = "<group>"; };
		242ED5A61BA71166000DB58D /* ParseFacebookUtils.framework */ = {isa = PBXFileReference; lastKnownFileType = wrapper.framework; path = ParseFacebookUtils.framework; sourceTree = "<group>"; };
		242ED5A71BA71166000DB58D /* ParseFacebookUtilsV4.framework */ = {isa = PBXFileReference; lastKnownFileType = wrapper.framework; path = ParseFacebookUtilsV4.framework; sourceTree = "<group>"; };
		242ED5A81BA71166000DB58D /* ParseUI.framework */ = {isa = PBXFileReference; lastKnownFileType = wrapper.framework; path = ParseUI.framework; sourceTree = "<group>"; };
		2ACC55A21B9F17C400CF2165 /* PubliCarro.app */ = {isa = PBXFileReference; explicitFileType = wrapper.application; includeInIndex = 0; path = PubliCarro.app; sourceTree = BUILT_PRODUCTS_DIR; };
		2ACC55A51B9F17C400CF2165 /* AppDelegate.swift */ = {isa = PBXFileReference; lastKnownFileType = sourcecode.swift; path = AppDelegate.swift; sourceTree = "<group>"; };
		2ACC55A71B9F17C400CF2165 /* ViewController.swift */ = {isa = PBXFileReference; lastKnownFileType = sourcecode.swift; path = ViewController.swift; sourceTree = "<group>"; };
		2ACC55AA1B9F17C400CF2165 /* Base */ = {isa = PBXFileReference; lastKnownFileType = file.storyboard; name = Base; path = Base.lproj/Main.storyboard; sourceTree = "<group>"; };
		2ACC55AD1B9F17C400CF2165 /* PubliCarro.xcdatamodel */ = {isa = PBXFileReference; lastKnownFileType = wrapper.xcdatamodel; path = PubliCarro.xcdatamodel; sourceTree = "<group>"; };
		2ACC55AF1B9F17C400CF2165 /* Assets.xcassets */ = {isa = PBXFileReference; lastKnownFileType = folder.assetcatalog; path = Assets.xcassets; sourceTree = "<group>"; };
		2ACC55B21B9F17C400CF2165 /* Base */ = {isa = PBXFileReference; lastKnownFileType = file.storyboard; name = Base; path = Base.lproj/LaunchScreen.storyboard; sourceTree = "<group>"; };
		2ACC55B41B9F17C400CF2165 /* Info.plist */ = {isa = PBXFileReference; lastKnownFileType = text.plist.xml; path = Info.plist; sourceTree = "<group>"; };
/* End PBXFileReference section */

/* Begin PBXFrameworksBuildPhase section */
		2ACC559F1B9F17C400CF2165 /* Frameworks */ = {
			isa = PBXFrameworksBuildPhase;
			buildActionMask = 2147483647;
			files = (
				242ED5AC1BA71166000DB58D /* ParseFacebookUtils.framework in Frameworks */,
				242ED5931BA70EA8000DB58D /* SystemConfiguration.framework in Frameworks */,
				242ED5911BA70E9E000DB58D /* StoreKit.framework in Frameworks */,
				242ED58F1BA70E96000DB58D /* Security.framework in Frameworks */,
				242ED58D1BA70E8D000DB58D /* QuartzCore.framework in Frameworks */,
				242ED58B1BA70E84000DB58D /* CoreLocation.framework in Frameworks */,
				242ED5AE1BA71166000DB58D /* ParseUI.framework in Frameworks */,
				242ED5891BA70E7A000DB58D /* CoreGraphics.framework in Frameworks */,
				242ED5871BA70E72000DB58D /* CFNetwork.framework in Frameworks */,
				242ED5851BA70E69000DB58D /* AudioToolbox.framework in Frameworks */,
				242ED5A91BA71166000DB58D /* Bolts.framework in Frameworks */,
				242ED5821BA70E54000DB58D /* libsqlite3.dylib in Frameworks */,
				242ED5AA1BA71166000DB58D /* Parse.framework in Frameworks */,
				242ED5831BA70E54000DB58D /* libz.dylib in Frameworks */,
				242ED5AB1BA71166000DB58D /* ParseCrashReporting.framework in Frameworks */,
				242ED5AD1BA71166000DB58D /* ParseFacebookUtilsV4.framework in Frameworks */,
			);
			runOnlyForDeploymentPostprocessing = 0;
		};
/* End PBXFrameworksBuildPhase section */

/* Begin PBXGroup section */
		242ED5941BA70F23000DB58D /* Frameworks */ = {
			isa = PBXGroup;
			children = (
				242ED5921BA70EA8000DB58D /* SystemConfiguration.framework */,
				242ED5901BA70E9E000DB58D /* StoreKit.framework */,
				242ED58E1BA70E96000DB58D /* Security.framework */,
				242ED58C1BA70E8D000DB58D /* QuartzCore.framework */,
				242ED58A1BA70E84000DB58D /* CoreLocation.framework */,
				242ED5881BA70E7A000DB58D /* CoreGraphics.framework */,
				242ED5861BA70E72000DB58D /* CFNetwork.framework */,
				242ED5841BA70E69000DB58D /* AudioToolbox.framework */,
				242ED5791BA70E54000DB58D /* libsqlite3.dylib */,
				242ED57A1BA70E54000DB58D /* libz.dylib */,
				242ED5A31BA71166000DB58D /* Bolts.framework */,
				242ED5A41BA71166000DB58D /* Parse.framework */,
				242ED5A51BA71166000DB58D /* ParseCrashReporting.framework */,
				242ED5A61BA71166000DB58D /* ParseFacebookUtils.framework */,
				242ED5A71BA71166000DB58D /* ParseFacebookUtilsV4.framework */,
				242ED5A81BA71166000DB58D /* ParseUI.framework */,
			);
			name = Frameworks;
			sourceTree = "<group>";
		};
		2ACC55991B9F17C400CF2165 = {
			isa = PBXGroup;
			children = (
				2ACC55A41B9F17C400CF2165 /* PubliCarro */,
				2ACC55A31B9F17C400CF2165 /* Products */,
				242ED5941BA70F23000DB58D /* Frameworks */,
			);
			sourceTree = "<group>";
		};
		2ACC55A31B9F17C400CF2165 /* Products */ = {
			isa = PBXGroup;
			children = (
				2ACC55A21B9F17C400CF2165 /* PubliCarro.app */,
			);
			name = Products;
			sourceTree = "<group>";
		};
		2ACC55A41B9F17C400CF2165 /* PubliCarro */ = {
			isa = PBXGroup;
			children = (
				2ACC55A51B9F17C400CF2165 /* AppDelegate.swift */,
				2ACC55A71B9F17C400CF2165 /* ViewController.swift */,
				2ACC55A91B9F17C400CF2165 /* Main.storyboard */,
				2ACC55AF1B9F17C400CF2165 /* Assets.xcassets */,
				2ACC55B11B9F17C400CF2165 /* LaunchScreen.storyboard */,
				2ACC55B41B9F17C400CF2165 /* Info.plist */,
				2ACC55AC1B9F17C400CF2165 /* PubliCarro.xcdatamodeld */,
			);
			path = PubliCarro;
			sourceTree = "<group>";
		};
/* End PBXGroup section */

/* Begin PBXNativeTarget section */
		2ACC55A11B9F17C400CF2165 /* PubliCarro */ = {
			isa = PBXNativeTarget;
			buildConfigurationList = 2ACC55B71B9F17C400CF2165 /* Build configuration list for PBXNativeTarget "PubliCarro" */;
			buildPhases = (
				2ACC559E1B9F17C400CF2165 /* Sources */,
				2ACC559F1B9F17C400CF2165 /* Frameworks */,
				2ACC55A01B9F17C400CF2165 /* Resources */,
			);
			buildRules = (
			);
			dependencies = (
			);
			name = PubliCarro;
			productName = PubliCarro;
			productReference = 2ACC55A21B9F17C400CF2165 /* PubliCarro.app */;
			productType = "com.apple.product-type.application";
		};
/* End PBXNativeTarget section */

/* Begin PBXProject section */
		2ACC559A1B9F17C400CF2165 /* Project object */ = {
			isa = PBXProject;
			attributes = {
				LastSwiftUpdateCheck = 0710;
				LastUpgradeCheck = 0700;
				ORGANIZATIONNAME = TambaTech;
				TargetAttributes = {
					2ACC55A11B9F17C400CF2165 = {
						CreatedOnToolsVersion = 7.0;
					};
				};
			};
			buildConfigurationList = 2ACC559D1B9F17C400CF2165 /* Build configuration list for PBXProject "PubliCarro" */;
			compatibilityVersion = "Xcode 3.2";
			developmentRegion = English;
			hasScannedForEncodings = 0;
			knownRegions = (
				en,
				Base,
			);
			mainGroup = 2ACC55991B9F17C400CF2165;
			productRefGroup = 2ACC55A31B9F17C400CF2165 /* Products */;
			projectDirPath = "";
			projectRoot = "";
			targets = (
				2ACC55A11B9F17C400CF2165 /* PubliCarro */,
			);
		};
/* End PBXProject section */

/* Begin PBXResourcesBuildPhase section */
		2ACC55A01B9F17C400CF2165 /* Resources */ = {
			isa = PBXResourcesBuildPhase;
			buildActionMask = 2147483647;
			files = (
				2ACC55B31B9F17C400CF2165 /* LaunchScreen.storyboard in Resources */,
				2ACC55B01B9F17C400CF2165 /* Assets.xcassets in Resources */,
				2ACC55AB1B9F17C400CF2165 /* Main.storyboard in Resources */,
			);
			runOnlyForDeploymentPostprocessing = 0;
		};
/* End PBXResourcesBuildPhase section */

/* Begin PBXSourcesBuildPhase section */
		2ACC559E1B9F17C400CF2165 /* Sources */ = {
			isa = PBXSourcesBuildPhase;
			buildActionMask = 2147483647;
			files = (
				2ACC55AE1B9F17C400CF2165 /* PubliCarro.xcdatamodeld in Sources */,
				2ACC55A81B9F17C400CF2165 /* ViewController.swift in Sources */,
				2ACC55A61B9F17C400CF2165 /* AppDelegate.swift in Sources */,
			);
			runOnlyForDeploymentPostprocessing = 0;
		};
/* End PBXSourcesBuildPhase section */

/* Begin PBXVariantGroup section */
		2ACC55A91B9F17C400CF2165 /* Main.storyboard */ = {
			isa = PBXVariantGroup;
			children = (
				2ACC55AA1B9F17C400CF2165 /* Base */,
			);
			name = Main.storyboard;
			sourceTree = "<group>";
		};
		2ACC55B11B9F17C400CF2165 /* LaunchScreen.storyboard */ = {
			isa = PBXVariantGroup;
			children = (
				2ACC55B21B9F17C400CF2165 /* Base */,
			);
			name = LaunchScreen.storyboard;
			sourceTree = "<group>";
		};
/* End PBXVariantGroup section */

/* Begin XCBuildConfiguration section */
		2ACC55B51B9F17C400CF2165 /* Debug */ = {
			isa = XCBuildConfiguration;
			buildSettings = {
				ALWAYS_SEARCH_USER_PATHS = NO;
				CLANG_CXX_LANGUAGE_STANDARD = "gnu++0x";
				CLANG_CXX_LIBRARY = "libc++";
				CLANG_ENABLE_MODULES = YES;
				CLANG_ENABLE_OBJC_ARC = YES;
				CLANG_WARN_BOOL_CONVERSION = YES;
				CLANG_WARN_CONSTANT_CONVERSION = YES;
				CLANG_WARN_DIRECT_OBJC_ISA_USAGE = YES_ERROR;
				CLANG_WARN_EMPTY_BODY = YES;
				CLANG_WARN_ENUM_CONVERSION = YES;
				CLANG_WARN_INT_CONVERSION = YES;
				CLANG_WARN_OBJC_ROOT_CLASS = YES_ERROR;
				CLANG_WARN_UNREACHABLE_CODE = YES;
				CLANG_WARN__DUPLICATE_METHOD_MATCH = YES;
				"CODE_SIGN_IDENTITY[sdk=iphoneos*]" = "iPhone Developer";
				COPY_PHASE_STRIP = NO;
				DEBUG_INFORMATION_FORMAT = dwarf;
				ENABLE_STRICT_OBJC_MSGSEND = YES;
				ENABLE_TESTABILITY = YES;
				GCC_C_LANGUAGE_STANDARD = gnu99;
				GCC_DYNAMIC_NO_PIC = NO;
				GCC_NO_COMMON_BLOCKS = YES;
				GCC_OPTIMIZATION_LEVEL = 0;
				GCC_PREPROCESSOR_DEFINITIONS = (
					"DEBUG=1",
					"$(inherited)",
				);
				GCC_WARN_64_TO_32_BIT_CONVERSION = YES;
				GCC_WARN_ABOUT_RETURN_TYPE = YES_ERROR;
				GCC_WARN_UNDECLARED_SELECTOR = YES;
				GCC_WARN_UNINITIALIZED_AUTOS = YES_AGGRESSIVE;
				GCC_WARN_UNUSED_FUNCTION = YES;
				GCC_WARN_UNUSED_VARIABLE = YES;
				IPHONEOS_DEPLOYMENT_TARGET = 9.0;
				MTL_ENABLE_DEBUG_INFO = YES;
				ONLY_ACTIVE_ARCH = YES;
				SDKROOT = iphoneos;
				SWIFT_OPTIMIZATION_LEVEL = "-Onone";
				TARGETED_DEVICE_FAMILY = "1,2";
			};
			name = Debug;
		};
		2ACC55B61B9F17C400CF2165 /* Release */ = {
			isa = XCBuildConfiguration;
			buildSettings = {
				ALWAYS_SEARCH_USER_PATHS = NO;
				CLANG_CXX_LANGUAGE_STANDARD = "gnu++0x";
				CLANG_CXX_LIBRARY = "libc++";
				CLANG_ENABLE_MODULES = YES;
				CLANG_ENABLE_OBJC_ARC = YES;
				CLANG_WARN_BOOL_CONVERSION = YES;
				CLANG_WARN_CONSTANT_CONVERSION = YES;
				CLANG_WARN_DIRECT_OBJC_ISA_USAGE = YES_ERROR;
				CLANG_WARN_EMPTY_BODY = YES;
				CLANG_WARN_ENUM_CONVERSION = YES;
				CLANG_WARN_INT_CONVERSION = YES;
				CLANG_WARN_OBJC_ROOT_CLASS = YES_ERROR;
				CLANG_WARN_UNREACHABLE_CODE = YES;
				CLANG_WARN__DUPLICATE_METHOD_MATCH = YES;
				"CODE_SIGN_IDENTITY[sdk=iphoneos*]" = "iPhone Developer";
				COPY_PHASE_STRIP = NO;
				DEBUG_INFORMATION_FORMAT = "dwarf-with-dsym";
				ENABLE_NS_ASSERTIONS = NO;
				ENABLE_STRICT_OBJC_MSGSEND = YES;
				GCC_C_LANGUAGE_STANDARD = gnu99;
				GCC_NO_COMMON_BLOCKS = YES;
				GCC_WARN_64_TO_32_BIT_CONVERSION = YES;
				GCC_WARN_ABOUT_RETURN_TYPE = YES_ERROR;
				GCC_WARN_UNDECLARED_SELECTOR = YES;
				GCC_WARN_UNINITIALIZED_AUTOS = YES_AGGRESSIVE;
				GCC_WARN_UNUSED_FUNCTION = YES;
				GCC_WARN_UNUSED_VARIABLE = YES;
				IPHONEOS_DEPLOYMENT_TARGET = 9.0;
				MTL_ENABLE_DEBUG_INFO = NO;
				SDKROOT = iphoneos;
				TARGETED_DEVICE_FAMILY = "1,2";
				VALIDATE_PRODUCT = YES;
			};
			name = Release;
		};
		2ACC55B81B9F17C400CF2165 /* Debug */ = {
			isa = XCBuildConfiguration;
			buildSettings = {
				ASSETCATALOG_COMPILER_APPICON_NAME = AppIcon;
				FRAMEWORK_SEARCH_PATHS = (
					"$(inherited)",
					"$(PROJECT_DIR)",
				);
				INFOPLIST_FILE = PubliCarro/Info.plist;
				IPHONEOS_DEPLOYMENT_TARGET = 9.1;
				LD_RUNPATH_SEARCH_PATHS = "$(inherited) @executable_path/Frameworks";
				PRODUCT_BUNDLE_IDENTIFIER = com.tambatech.PubliCarro;
				PRODUCT_NAME = "$(TARGET_NAME)";
			};
			name = Debug;
		};
		2ACC55B91B9F17C400CF2165 /* Release */ = {
			isa = XCBuildConfiguration;
			buildSettings = {
				ASSETCATALOG_COMPILER_APPICON_NAME = AppIcon;
				FRAMEWORK_SEARCH_PATHS = (
					"$(inherited)",
					"$(PROJECT_DIR)",
				);
				INFOPLIST_FILE = PubliCarro/Info.plist;
				IPHONEOS_DEPLOYMENT_TARGET = 9.1;
				LD_RUNPATH_SEARCH_PATHS = "$(inherited) @executable_path/Frameworks";
				PRODUCT_BUNDLE_IDENTIFIER = com.tambatech.PubliCarro;
				PRODUCT_NAME = "$(TARGET_NAME)";
			};
			name = Release;
		};
/* End XCBuildConfiguration section */

/* Begin XCConfigurationList section */
		2ACC559D1B9F17C400CF2165 /* Build configuration list for PBXProject "PubliCarro" */ = {
			isa = XCConfigurationList;
			buildConfigurations = (
				2ACC55B51B9F17C400CF2165 /* Debug */,
				2ACC55B61B9F17C400CF2165 /* Release */,
			);
			defaultConfigurationIsVisible = 0;
			defaultConfigurationName = Release;
		};
		2ACC55B71B9F17C400CF2165 /* Build configuration list for PBXNativeTarget "PubliCarro" */ = {
			isa = XCConfigurationList;
			buildConfigurations = (
				2ACC55B81B9F17C400CF2165 /* Debug */,
				2ACC55B91B9F17C400CF2165 /* Release */,
			);
			defaultConfigurationIsVisible = 0;
			defaultConfigurationName = Release;
		};
/* End XCConfigurationList section */

/* Begin XCVersionGroup section */
		2ACC55AC1B9F17C400CF2165 /* PubliCarro.xcdatamodeld */ = {
			isa = XCVersionGroup;
			children = (
				2ACC55AD1B9F17C400CF2165 /* PubliCarro.xcdatamodel */,
			);
			currentVersion = 2ACC55AD1B9F17C400CF2165 /* PubliCarro.xcdatamodel */;
			path = PubliCarro.xcdatamodeld;
			sourceTree = "<group>";
			versionGroupType = wrapper.xcdatamodel;
		};
/* End XCVersionGroup section */
	};
	rootObject = 2ACC559A1B9F17C400CF2165 /* Project object */;
}
